
Microsoft Visual Studio Solution File, Format Version 11.00
# Visual Studio 2010
Project("{FAE04EC0-301F-11D3-BF4B-00C04F79EFBC}") = "Asteroids", "Asteroids\Asteroids\Asteroids.csproj", "{F99FFF4A-43C8-4FEF-9BA5-DFFD445952A0}"
EndProject
Project("{96E2B04D-8817-42C6-938A-82C39BA4D311}") = "AsteroidsContent", "Asteroids\AsteroidsContent\AsteroidsContent.contentproj", "{DE53DE37-A6AD-4138-A9C0-744111893D22}"
EndProject
Global
	GlobalSection(SolutionConfigurationPlatforms) = preSolution
		Debug|x86 = Debug|x86
		Release|x86 = Release|x86
	EndGlobalSection
	GlobalSection(ProjectConfigurationPlatforms) = postSolution
		{F99FFF4A-43C8-4FEF-9BA5-DFFD445952A0}.Debug|x86.ActiveCfg = Debug|x86
		{F99FFF4A-43C8-4FEF-9BA5-DFFD445952A0}.Debug|x86.Build.0 = Debug|x86
		{F99FFF4A-43C8-4FEF-9BA5-DFFD445952A0}.Release|x86.ActiveCfg = Release|x86
		{F99FFF4A-43C8-4FEF-9BA5-DFFD445952A0}.Release|x86.Build.0 = Release|x86
		{DE53DE37-A6AD-4138-A9C0-744111893D22}.Debug|x86.ActiveCfg = Debug|x86
		{DE53DE37-A6AD-4138-A9C0-744111893D22}.Release|x86.ActiveCfg = Release|x86
	EndGlobalSection
	GlobalSection(SolutionProperties) = preSolution
		HideSolutionNode = FALSE
	EndGlobalSection
EndGlobal
